// !$*UTF8*$!
{
	archiveVersion = 1;
	classes = {
	};
	objectVersion = 50;
	objects = {

/* Begin PBXBuildFile section */
		18282F77209F341300F1F932 /* AppDelegate.swift in Sources */ = {isa = PBXBuildFile; fileRef = 18282F76209F341300F1F932 /* AppDelegate.swift */; };
		18282F79209F341300F1F932 /* ViewController.swift in Sources */ = {isa = PBXBuildFile; fileRef = 18282F78209F341300F1F932 /* ViewController.swift */; };
		18282F7C209F341300F1F932 /* Main.storyboard in Resources */ = {isa = PBXBuildFile; fileRef = 18282F7A209F341300F1F932 /* Main.storyboard */; };
		18282F7F209F341300F1F932 /* OpenVPNConnect.xcdatamodeld in Sources */ = {isa = PBXBuildFile; fileRef = 18282F7D209F341300F1F932 /* OpenVPNConnect.xcdatamodeld */; };
		18282F81209F341400F1F932 /* Assets.xcassets in Resources */ = {isa = PBXBuildFile; fileRef = 18282F80209F341400F1F932 /* Assets.xcassets */; };
		18282F84209F341400F1F932 /* LaunchScreen.storyboard in Resources */ = {isa = PBXBuildFile; fileRef = 18282F82209F341400F1F932 /* LaunchScreen.storyboard */; };
		1833318820A488F600152689 /* PacketTunnelProvider.swift in Sources */ = {isa = PBXBuildFile; fileRef = 1833318720A488F500152689 /* PacketTunnelProvider.swift */; };
		18B777FA20A5384A005AB1B8 /* client.ovpn in Resources */ = {isa = PBXBuildFile; fileRef = 18B777F920A5384A005AB1B8 /* client.ovpn */; };
		18B777FC20A539BD005AB1B8 /* OpenVPNManagerConnect.swift in Sources */ = {isa = PBXBuildFile; fileRef = 18B777FB20A539BD005AB1B8 /* OpenVPNManagerConnect.swift */; };
		18D66F3920A4949C00F67A37 /* OpenVPNManager.swift in Sources */ = {isa = PBXBuildFile; fileRef = 18D66F3820A4949C00F67A37 /* OpenVPNManager.swift */; };
		18E9CB1D209F35A2007CE106 /* KeychainAccess.framework in Frameworks */ = {isa = PBXBuildFile; fileRef = 18E9CB1B209F35A2007CE106 /* KeychainAccess.framework */; };
		18E9CB1E209F35A2007CE106 /* OpenVPNAdapter.framework in Frameworks */ = {isa = PBXBuildFile; fileRef = 18E9CB1C209F35A2007CE106 /* OpenVPNAdapter.framework */; };
		18E9CB22209F3862007CE106 /* NetworkExtension.framework in Frameworks */ = {isa = PBXBuildFile; fileRef = 18E9CB21209F3862007CE106 /* NetworkExtension.framework */; };
/* End PBXBuildFile section */

/* Begin PBXFileReference section */
		18282F73209F341300F1F932 /* OpenVPNConnect.app */ = {isa = PBXFileReference; explicitFileType = wrapper.application; includeInIndex = 0; path = OpenVPNConnect.app; sourceTree = BUILT_PRODUCTS_DIR; };
		18282F76209F341300F1F932 /* AppDelegate.swift */ = {isa = PBXFileReference; lastKnownFileType = sourcecode.swift; path = AppDelegate.swift; sourceTree = "<group>"; };
		18282F78209F341300F1F932 /* ViewController.swift */ = {isa = PBXFileReference; lastKnownFileType = sourcecode.swift; path = ViewController.swift; sourceTree = "<group>"; };
		18282F7B209F341300F1F932 /* Base */ = {isa = PBXFileReference; lastKnownFileType = file.storyboard; name = Base; path = Base.lproj/Main.storyboard; sourceTree = "<group>"; };
		18282F7E209F341300F1F932 /* OpenVPNConnect.xcdatamodel */ = {isa = PBXFileReference; lastKnownFileType = wrapper.xcdatamodel; path = OpenVPNConnect.xcdatamodel; sourceTree = "<group>"; };
		18282F80209F341400F1F932 /* Assets.xcassets */ = {isa = PBXFileReference; lastKnownFileType = folder.assetcatalog; path = Assets.xcassets; sourceTree = "<group>"; };
		18282F83209F341400F1F932 /* Base */ = {isa = PBXFileReference; lastKnownFileType = file.storyboard; name = Base; path = Base.lproj/LaunchScreen.storyboard; sourceTree = "<group>"; };
		18282F85209F341400F1F932 /* Info.plist */ = {isa = PBXFileReference; lastKnownFileType = text.plist.xml; path = Info.plist; sourceTree = "<group>"; };
		1833318720A488F500152689 /* PacketTunnelProvider.swift */ = {isa = PBXFileReference; lastKnownFileType = sourcecode.swift; path = PacketTunnelProvider.swift; sourceTree = "<group>"; };
		18B777F920A5384A005AB1B8 /* client.ovpn */ = {isa = PBXFileReference; fileEncoding = 4; lastKnownFileType = text; path = client.ovpn; sourceTree = "<group>"; };
		18B777FB20A539BD005AB1B8 /* OpenVPNManagerConnect.swift */ = {isa = PBXFileReference; lastKnownFileType = sourcecode.swift; path = OpenVPNManagerConnect.swift; sourceTree = "<group>"; };
		18D66F3820A4949C00F67A37 /* OpenVPNManager.swift */ = {isa = PBXFileReference; lastKnownFileType = sourcecode.swift; path = OpenVPNManager.swift; sourceTree = "<group>"; };
		18E9CB1B209F35A2007CE106 /* KeychainAccess.framework */ = {isa = PBXFileReference; lastKnownFileType = wrapper.framework; name = KeychainAccess.framework; path = Carthage/Build/iOS/KeychainAccess.framework; sourceTree = "<group>"; };
		18E9CB1C209F35A2007CE106 /* OpenVPNAdapter.framework */ = {isa = PBXFileReference; lastKnownFileType = wrapper.framework; name = OpenVPNAdapter.framework; path = Carthage/Build/iOS/OpenVPNAdapter.framework; sourceTree = "<group>"; };
		18E9CB20209F3854007CE106 /* OpenVPNConnect.entitlements */ = {isa = PBXFileReference; lastKnownFileType = text.plist.entitlements; path = OpenVPNConnect.entitlements; sourceTree = "<group>"; };
		18E9CB21209F3862007CE106 /* NetworkExtension.framework */ = {isa = PBXFileReference; lastKnownFileType = wrapper.framework; name = NetworkExtension.framework; path = System/Library/Frameworks/NetworkExtension.framework; sourceTree = SDKROOT; };
/* End PBXFileReference section */

/* Begin PBXFrameworksBuildPhase section */
		18282F70209F341300F1F932 /* Frameworks */ = {
			isa = PBXFrameworksBuildPhase;
			buildActionMask = 2147483647;
			files = (
				18E9CB1D209F35A2007CE106 /* KeychainAccess.framework in Frameworks */,
				18E9CB22209F3862007CE106 /* NetworkExtension.framework in Frameworks */,
				18E9CB1E209F35A2007CE106 /* OpenVPNAdapter.framework in Frameworks */,
			);
			runOnlyForDeploymentPostprocessing = 0;
		};
/* End PBXFrameworksBuildPhase section */

/* Begin PBXGroup section */
		18282F6A209F341300F1F932 = {
			isa = PBXGroup;
			children = (
				18282F75209F341300F1F932 /* OpenVPNConnect */,
				18282F74209F341300F1F932 /* Products */,
				18E9CB1A209F35A1007CE106 /* Frameworks */,
			);
			sourceTree = "<group>";
		};
		18282F74209F341300F1F932 /* Products */ = {
			isa = PBXGroup;
			children = (
				18282F73209F341300F1F932 /* OpenVPNConnect.app */,
			);
			name = Products;
			sourceTree = "<group>";
		};
		18282F75209F341300F1F932 /* OpenVPNConnect */ = {
			isa = PBXGroup;
			children = (
				18E9CB20209F3854007CE106 /* OpenVPNConnect.entitlements */,
				18282F76209F341300F1F932 /* AppDelegate.swift */,
				18282F78209F341300F1F932 /* ViewController.swift */,
				1833318720A488F500152689 /* PacketTunnelProvider.swift */,
				18D66F3820A4949C00F67A37 /* OpenVPNManager.swift */,
				18B777FB20A539BD005AB1B8 /* OpenVPNManagerConnect.swift */,
				18282F7A209F341300F1F932 /* Main.storyboard */,
				18282F80209F341400F1F932 /* Assets.xcassets */,
				18282F82209F341400F1F932 /* LaunchScreen.storyboard */,
				18B777F920A5384A005AB1B8 /* client.ovpn */,
				18282F85209F341400F1F932 /* Info.plist */,
				18282F7D209F341300F1F932 /* OpenVPNConnect.xcdatamodeld */,
			);
			path = OpenVPNConnect;
			sourceTree = "<group>";
		};
		18E9CB1A209F35A1007CE106 /* Frameworks */ = {
			isa = PBXGroup;
			children = (
				18E9CB21209F3862007CE106 /* NetworkExtension.framework */,
				18E9CB1B209F35A2007CE106 /* KeychainAccess.framework */,
				18E9CB1C209F35A2007CE106 /* OpenVPNAdapter.framework */,
			);
			name = Frameworks;
			sourceTree = "<group>";
		};
/* End PBXGroup section */

/* Begin PBXNativeTarget section */
		18282F72209F341300F1F932 /* OpenVPNConnect */ = {
			isa = PBXNativeTarget;
			buildConfigurationList = 18282F88209F341400F1F932 /* Build configuration list for PBXNativeTarget "OpenVPNConnect" */;
			buildPhases = (
				18282F6F209F341300F1F932 /* Sources */,
				18282F70209F341300F1F932 /* Frameworks */,
				18282F71209F341300F1F932 /* Resources */,
				18E9CB1F209F35AA007CE106 /* ShellScript */,
			);
			buildRules = (
			);
			dependencies = (
			);
			name = OpenVPNConnect;
			productName = OpenVPNConnect;
			productReference = 18282F73209F341300F1F932 /* OpenVPNConnect.app */;
			productType = "com.apple.product-type.application";
		};
/* End PBXNativeTarget section */

/* Begin PBXProject section */
		18282F6B209F341300F1F932 /* Project object */ = {
			isa = PBXProject;
			attributes = {
				LastSwiftUpdateCheck = 0930;
				LastUpgradeCheck = 0930;
				ORGANIZATIONNAME = Apple;
				TargetAttributes = {
					18282F72209F341300F1F932 = {
						CreatedOnToolsVersion = 9.3;
						SystemCapabilities = {
							com.apple.Keychain = {
								enabled = 1;
							};
							com.apple.NetworkExtensions.iOS = {
								enabled = 1;
							};
							com.apple.VPNLite = {
								enabled = 1;
							};
						};
					};
				};
			};
			buildConfigurationList = 18282F6E209F341300F1F932 /* Build configuration list for PBXProject "OpenVPNConnect" */;
			compatibilityVersion = "Xcode 9.3";
			developmentRegion = en;
			hasScannedForEncodings = 0;
			knownRegions = (
				en,
				Base,
			);
			mainGroup = 18282F6A209F341300F1F932;
			productRefGroup = 18282F74209F341300F1F932 /* Products */;
			projectDirPath = "";
			projectRoot = "";
			targets = (
				18282F72209F341300F1F932 /* OpenVPNConnect */,
			);
		};
/* End PBXProject section */

/* Begin PBXResourcesBuildPhase section */
		18282F71209F341300F1F932 /* Resources */ = {
			isa = PBXResourcesBuildPhase;
			buildActionMask = 2147483647;
			files = (
				18282F84209F341400F1F932 /* LaunchScreen.storyboard in Resources */,
				18282F81209F341400F1F932 /* Assets.xcassets in Resources */,
				18282F7C209F341300F1F932 /* Main.storyboard in Resources */,
				18B777FA20A5384A005AB1B8 /* client.ovpn in Resources */,
			);
			runOnlyForDeploymentPostprocessing = 0;
		};
/* End PBXResourcesBuildPhase section */

/* Begin PBXShellScriptBuildPhase section */
		18E9CB1F209F35AA007CE106 /* ShellScript */ = {
			isa = PBXShellScriptBuildPhase;
			buildActionMask = 2147483647;
			files = (
			);
			inputPaths = (
				"$(SRCROOT)/Carthage/Build/iOS/KeychainAccess.framework",
				"$(SRCROOT)/Carthage/Build/iOS/OpenVPNAdapter.framework",
			);
			outputPaths = (
			);
			runOnlyForDeploymentPostprocessing = 0;
			shellPath = /bin/sh;
			shellScript = "/usr/local/bin/carthage copy-frameworks";
		};
/* End PBXShellScriptBuildPhase section */

/* Begin PBXSourcesBuildPhase section */
		18282F6F209F341300F1F932 /* Sources */ = {
			isa = PBXSourcesBuildPhase;
			buildActionMask = 2147483647;
			files = (
				18282F79209F341300F1F932 /* ViewController.swift in Sources */,
				18282F7F209F341300F1F932 /* OpenVPNConnect.xcdatamodeld in Sources */,
				18D66F3920A4949C00F67A37 /* OpenVPNManager.swift in Sources */,
				18B777FC20A539BD005AB1B8 /* OpenVPNManagerConnect.swift in Sources */,
				1833318820A488F600152689 /* PacketTunnelProvider.swift in Sources */,
				18282F77209F341300F1F932 /* AppDelegate.swift in Sources */,
			);
			runOnlyForDeploymentPostprocessing = 0;
		};
/* End PBXSourcesBuildPhase section */

/* Begin PBXVariantGroup section */
		18282F7A209F341300F1F932 /* Main.storyboard */ = {
			isa = PBXVariantGroup;
			children = (
				18282F7B209F341300F1F932 /* Base */,
			);
			name = Main.storyboard;
			sourceTree = "<group>";
		};
		18282F82209F341400F1F932 /* LaunchScreen.storyboard */ = {
			isa = PBXVariantGroup;
			children = (
				18282F83209F341400F1F932 /* Base */,
			);
			name = LaunchScreen.storyboard;
			sourceTree = "<group>";
		};
/* End PBXVariantGroup section */

/* Begin XCBuildConfiguration section */
		18282F86209F341400F1F932 /* Debug */ = {
			isa = XCBuildConfiguration;
			buildSettings = {
				ALWAYS_SEARCH_USER_PATHS = NO;
				CLANG_ANALYZER_NONNULL = YES;
				CLANG_ANALYZER_NUMBER_OBJECT_CONVERSION = YES_AGGRESSIVE;
				CLANG_CXX_LANGUAGE_STANDARD = "gnu++14";
				CLANG_CXX_LIBRARY = "libc++";
				CLANG_ENABLE_MODULES = YES;
				CLANG_ENABLE_OBJC_ARC = YES;
				CLANG_ENABLE_OBJC_WEAK = YES;
				CLANG_WARN_BLOCK_CAPTURE_AUTORELEASING = YES;
				CLANG_WARN_BOOL_CONVERSION = YES;
				CLANG_WARN_COMMA = YES;
				CLANG_WARN_CONSTANT_CONVERSION = YES;
				CLANG_WARN_DEPRECATED_OBJC_IMPLEMENTATIONS = YES;
				CLANG_WARN_DIRECT_OBJC_ISA_USAGE = YES_ERROR;
				CLANG_WARN_DOCUMENTATION_COMMENTS = YES;
				CLANG_WARN_EMPTY_BODY = YES;
				CLANG_WARN_ENUM_CONVERSION = YES;
				CLANG_WARN_INFINITE_RECURSION = YES;
				CLANG_WARN_INT_CONVERSION = YES;
				CLANG_WARN_NON_LITERAL_NULL_CONVERSION = YES;
				CLANG_WARN_OBJC_IMPLICIT_RETAIN_SELF = YES;
				CLANG_WARN_OBJC_LITERAL_CONVERSION = YES;
				CLANG_WARN_OBJC_ROOT_CLASS = YES_ERROR;
				CLANG_WARN_RANGE_LOOP_ANALYSIS = YES;
				CLANG_WARN_STRICT_PROTOTYPES = YES;
				CLANG_WARN_SUSPICIOUS_MOVE = YES;
				CLANG_WARN_UNGUARDED_AVAILABILITY = YES_AGGRESSIVE;
				CLANG_WARN_UNREACHABLE_CODE = YES;
				CLANG_WARN__DUPLICATE_METHOD_MATCH = YES;
				CODE_SIGN_IDENTITY = "iPhone Developer";
				COPY_PHASE_STRIP = NO;
				DEBUG_INFORMATION_FORMAT = dwarf;
				ENABLE_STRICT_OBJC_MSGSEND = YES;
				ENABLE_TESTABILITY = YES;
				GCC_C_LANGUAGE_STANDARD = gnu11;
				GCC_DYNAMIC_NO_PIC = NO;
				GCC_NO_COMMON_BLOCKS = YES;
				GCC_OPTIMIZATION_LEVEL = 0;
				GCC_PREPROCESSOR_DEFINITIONS = (
					"DEBUG=1",
					"$(inherited)",
				);
				GCC_WARN_64_TO_32_BIT_CONVERSION = YES;
				GCC_WARN_ABOUT_RETURN_TYPE = YES_ERROR;
				GCC_WARN_UNDECLARED_SELECTOR = YES;
				GCC_WARN_UNINITIALIZED_AUTOS = YES_AGGRESSIVE;
				GCC_WARN_UNUSED_FUNCTION = YES;
				GCC_WARN_UNUSED_VARIABLE = YES;
				IPHONEOS_DEPLOYMENT_TARGET = 11.3;
				MTL_ENABLE_DEBUG_INFO = YES;
				ONLY_ACTIVE_ARCH = YES;
				SDKROOT = iphoneos;
				SWIFT_ACTIVE_COMPILATION_CONDITIONS = DEBUG;
				SWIFT_OPTIMIZATION_LEVEL = "-Onone";
			};
			name = Debug;
		};
		18282F87209F341400F1F932 /* Release */ = {
			isa = XCBuildConfiguration;
			buildSettings = {
				ALWAYS_SEARCH_USER_PATHS = NO;
				CLANG_ANALYZER_NONNULL = YES;
				CLANG_ANALYZER_NUMBER_OBJECT_CONVERSION = YES_AGGRESSIVE;
				CLANG_CXX_LANGUAGE_STANDARD = "gnu++14";
				CLANG_CXX_LIBRARY = "libc++";
				CLANG_ENABLE_MODULES = YES;
				CLANG_ENABLE_OBJC_ARC = YES;
				CLANG_ENABLE_OBJC_WEAK = YES;
				CLANG_WARN_BLOCK_CAPTURE_AUTORELEASING = YES;
				CLANG_WARN_BOOL_CONVERSION = YES;
				CLANG_WARN_COMMA = YES;
				CLANG_WARN_CONSTANT_CONVERSION = YES;
				CLANG_WARN_DEPRECATED_OBJC_IMPLEMENTATIONS = YES;
				CLANG_WARN_DIRECT_OBJC_ISA_USAGE = YES_ERROR;
				CLANG_WARN_DOCUMENTATION_COMMENTS = YES;
				CLANG_WARN_EMPTY_BODY = YES;
				CLANG_WARN_ENUM_CONVERSION = YES;
				CLANG_WARN_INFINITE_RECURSION = YES;
				CLANG_WARN_INT_CONVERSION = YES;
				CLANG_WARN_NON_LITERAL_NULL_CONVERSION = YES;
				CLANG_WARN_OBJC_IMPLICIT_RETAIN_SELF = YES;
				CLANG_WARN_OBJC_LITERAL_CONVERSION = YES;
				CLANG_WARN_OBJC_ROOT_CLASS = YES_ERROR;
				CLANG_WARN_RANGE_LOOP_ANALYSIS = YES;
				CLANG_WARN_STRICT_PROTOTYPES = YES;
				CLANG_WARN_SUSPICIOUS_MOVE = YES;
				CLANG_WARN_UNGUARDED_AVAILABILITY = YES_AGGRESSIVE;
				CLANG_WARN_UNREACHABLE_CODE = YES;
				CLANG_WARN__DUPLICATE_METHOD_MATCH = YES;
				CODE_SIGN_IDENTITY = "iPhone Developer";
				COPY_PHASE_STRIP = NO;
				DEBUG_INFORMATION_FORMAT = "dwarf-with-dsym";
				ENABLE_NS_ASSERTIONS = NO;
				ENABLE_STRICT_OBJC_MSGSEND = YES;
				GCC_C_LANGUAGE_STANDARD = gnu11;
				GCC_NO_COMMON_BLOCKS = YES;
				GCC_WARN_64_TO_32_BIT_CONVERSION = YES;
				GCC_WARN_ABOUT_RETURN_TYPE = YES_ERROR;
				GCC_WARN_UNDECLARED_SELECTOR = YES;
				GCC_WARN_UNINITIALIZED_AUTOS = YES_AGGRESSIVE;
				GCC_WARN_UNUSED_FUNCTION = YES;
				GCC_WARN_UNUSED_VARIABLE = YES;
				IPHONEOS_DEPLOYMENT_TARGET = 11.3;
				MTL_ENABLE_DEBUG_INFO = NO;
				SDKROOT = iphoneos;
				SWIFT_COMPILATION_MODE = wholemodule;
				SWIFT_OPTIMIZATION_LEVEL = "-O";
				VALIDATE_PRODUCT = YES;
			};
			name = Release;
		};
		18282F89209F341400F1F932 /* Debug */ = {
			isa = XCBuildConfiguration;
			buildSettings = {
				ASSETCATALOG_COMPILER_APPICON_NAME = AppIcon;
				CODE_SIGN_ENTITLEMENTS = OpenVPNConnect/OpenVPNConnect.entitlements;
				CODE_SIGN_STYLE = Automatic;
				DEVELOPMENT_TEAM = 56AJJ634ZU;
				FRAMEWORK_SEARCH_PATHS = (
					"$(inherited)",
					"$(PROJECT_DIR)/Carthage/Build/iOS",
				);
				INFOPLIST_FILE = OpenVPNConnect/Info.plist;
				IPHONEOS_DEPLOYMENT_TARGET = 11.0;
				LD_RUNPATH_SEARCH_PATHS = (
					"$(inherited)",
					"@executable_path/Frameworks",
				);
				PRODUCT_BUNDLE_IDENTIFIER = com.BigZero.OpenVPNConnect;
				PRODUCT_NAME = "$(TARGET_NAME)";
				SWIFT_VERSION = 4.0;
				TARGETED_DEVICE_FAMILY = "1,2";
			};
			name = Debug;
		};
		18282F8A209F341400F1F932 /* Release */ = {
			isa = XCBuildConfiguration;
			buildSettings = {
				ASSETCATALOG_COMPILER_APPICON_NAME = AppIcon;
				CODE_SIGN_ENTITLEMENTS = OpenVPNConnect/OpenVPNConnect.entitlements;
				CODE_SIGN_STYLE = Automatic;
				DEVELOPMENT_TEAM = 56AJJ634ZU;
				FRAMEWORK_SEARCH_PATHS = (
					"$(inherited)",
					"$(PROJECT_DIR)/Carthage/Build/iOS",
				);
				INFOPLIST_FILE = OpenVPNConnect/Info.plist;
				IPHONEOS_DEPLOYMENT_TARGET = 11.0;
				LD_RUNPATH_SEARCH_PATHS = (
					"$(inherited)",
					"@executable_path/Frameworks",
				);
				PRODUCT_BUNDLE_IDENTIFIER = com.BigZero.OpenVPNConnect;
				PRODUCT_NAME = "$(TARGET_NAME)";
				SWIFT_VERSION = 4.0;
				TARGETED_DEVICE_FAMILY = "1,2";
			};
			name = Release;
		};
/* End XCBuildConfiguration section */

/* Begin XCConfigurationList section */
		18282F6E209F341300F1F932 /* Build configuration list for PBXProject "OpenVPNConnect" */ = {
			isa = XCConfigurationList;
			buildConfigurations = (
				18282F86209F341400F1F932 /* Debug */,
				18282F87209F341400F1F932 /* Release */,
			);
			defaultConfigurationIsVisible = 0;
			defaultConfigurationName = Release;
		};
		18282F88209F341400F1F932 /* Build configuration list for PBXNativeTarget "OpenVPNConnect" */ = {
			isa = XCConfigurationList;
			buildConfigurations = (
				18282F89209F341400F1F932 /* Debug */,
				18282F8A209F341400F1F932 /* Release */,
			);
			defaultConfigurationIsVisible = 0;
			defaultConfigurationName = Release;
		};
/* End XCConfigurationList section */

/* Begin XCVersionGroup section */
		18282F7D209F341300F1F932 /* OpenVPNConnect.xcdatamodeld */ = {
			isa = XCVersionGroup;
			children = (
				18282F7E209F341300F1F932 /* OpenVPNConnect.xcdatamodel */,
			);
			currentVersion = 18282F7E209F341300F1F932 /* OpenVPNConnect.xcdatamodel */;
			path = OpenVPNConnect.xcdatamodeld;
			sourceTree = "<group>";
			versionGroupType = wrapper.xcdatamodel;
		};
/* End XCVersionGroup section */
	};
	rootObject = 18282F6B209F341300F1F932 /* Project object */;
}
